// !$*UTF8*$!
{
	archiveVersion = 1;
	classes = {
	};
	objectVersion = 46;
	objects = {

/* Begin PBXBuildFile section */
		222B8E501AF175CD0091F73B /* AppDelegate.swift in Sources */ = {isa = PBXBuildFile; fileRef = 222B8E4F1AF175CD0091F73B /* AppDelegate.swift */; };
		222B8E571AF175CD0091F73B /* Images.xcassets in Resources */ = {isa = PBXBuildFile; fileRef = 222B8E561AF175CD0091F73B /* Images.xcassets */; };
		222B8E5A1AF175CD0091F73B /* LaunchScreen.xib in Resources */ = {isa = PBXBuildFile; fileRef = 222B8E581AF175CD0091F73B /* LaunchScreen.xib */; };
		222B8E661AF175CD0091F73B /* Dice_RollTests.swift in Sources */ = {isa = PBXBuildFile; fileRef = 222B8E651AF175CD0091F73B /* Dice_RollTests.swift */; };
		222B8E7C1AF175E30091F73B /* Images.xcassets in Resources */ = {isa = PBXBuildFile; fileRef = 222B8E7B1AF175E30091F73B /* Images.xcassets */; };
		222B8E801AF175E30091F73B /* Dice Roll WatchKit App.app in Resources */ = {isa = PBXBuildFile; fileRef = 222B8E7F1AF175E30091F73B /* Dice Roll WatchKit App.app */; };
		222B8E881AF175E30091F73B /* Interface.storyboard in Resources */ = {isa = PBXBuildFile; fileRef = 222B8E861AF175E30091F73B /* Interface.storyboard */; };
		222B8E8A1AF175E30091F73B /* Images.xcassets in Resources */ = {isa = PBXBuildFile; fileRef = 222B8E891AF175E30091F73B /* Images.xcassets */; };
		222B8E8D1AF175E30091F73B /* Dice Roll WatchKit Extension.appex in Embed App Extensions */ = {isa = PBXBuildFile; fileRef = 222B8E731AF175E30091F73B /* Dice Roll WatchKit Extension.appex */; settings = {ATTRIBUTES = (RemoveHeadersOnCopy, ); }; };
		222B8E971AF176180091F73B /* ViewController.swift in Sources */ = {isa = PBXBuildFile; fileRef = 222B8E951AF176180091F73B /* ViewController.swift */; };
		222B8E981AF176180091F73B /* Main.storyboard in Resources */ = {isa = PBXBuildFile; fileRef = 222B8E961AF176180091F73B /* Main.storyboard */; };
		222B8E9A1AF176300091F73B /* InterfaceController.swift in Sources */ = {isa = PBXBuildFile; fileRef = 222B8E991AF176300091F73B /* InterfaceController.swift */; };
/* End PBXBuildFile section */

/* Begin PBXContainerItemProxy section */
		222B8E601AF175CD0091F73B /* PBXContainerItemProxy */ = {
			isa = PBXContainerItemProxy;
			containerPortal = 222B8E421AF175CD0091F73B /* Project object */;
			proxyType = 1;
			remoteGlobalIDString = 222B8E491AF175CD0091F73B;
			remoteInfo = "Dice Roll";
		};
		222B8E811AF175E30091F73B /* PBXContainerItemProxy */ = {
			isa = PBXContainerItemProxy;
			containerPortal = 222B8E421AF175CD0091F73B /* Project object */;
			proxyType = 1;
			remoteGlobalIDString = 222B8E7E1AF175E30091F73B;
			remoteInfo = "Dice Roll WatchKit App";
		};
		222B8E8B1AF175E30091F73B /* PBXContainerItemProxy */ = {
			isa = PBXContainerItemProxy;
			containerPortal = 222B8E421AF175CD0091F73B /* Project object */;
			proxyType = 1;
			remoteGlobalIDString = 222B8E721AF175E30091F73B;
			remoteInfo = "Dice Roll WatchKit Extension";
		};
/* End PBXContainerItemProxy section */

/* Begin PBXCopyFilesBuildPhase section */
		222B8E941AF175E30091F73B /* Embed App Extensions */ = {
			isa = PBXCopyFilesBuildPhase;
			buildActionMask = 2147483647;
			dstPath = "";
			dstSubfolderSpec = 13;
			files = (
				222B8E8D1AF175E30091F73B /* Dice Roll WatchKit Extension.appex in Embed App Extensions */,
			);
			name = "Embed App Extensions";
			runOnlyForDeploymentPostprocessing = 0;
		};
/* End PBXCopyFilesBuildPhase section */

/* Begin PBXFileReference section */
		222B8E4A1AF175CD0091F73B /* Dice Roll.app */ = {isa = PBXFileReference; explicitFileType = wrapper.application; includeInIndex = 0; path = "Dice Roll.app"; sourceTree = BUILT_PRODUCTS_DIR; };
		222B8E4E1AF175CD0091F73B /* Info.plist */ = {isa = PBXFileReference; lastKnownFileType = text.plist.xml; path = Info.plist; sourceTree = "<group>"; };
		222B8E4F1AF175CD0091F73B /* AppDelegate.swift */ = {isa = PBXFileReference; lastKnownFileType = sourcecode.swift; path = AppDelegate.swift; sourceTree = "<group>"; };
		222B8E561AF175CD0091F73B /* Images.xcassets */ = {isa = PBXFileReference; lastKnownFileType = folder.assetcatalog; path = Images.xcassets; sourceTree = "<group>"; };
		222B8E591AF175CD0091F73B /* Base */ = {isa = PBXFileReference; lastKnownFileType = file.xib; name = Base; path = Base.lproj/LaunchScreen.xib; sourceTree = "<group>"; };
		222B8E5F1AF175CD0091F73B /* Dice RollTests.xctest */ = {isa = PBXFileReference; explicitFileType = wrapper.cfbundle; includeInIndex = 0; path = "Dice RollTests.xctest"; sourceTree = BUILT_PRODUCTS_DIR; };
		222B8E641AF175CD0091F73B /* Info.plist */ = {isa = PBXFileReference; lastKnownFileType = text.plist.xml; path = Info.plist; sourceTree = "<group>"; };
		222B8E651AF175CD0091F73B /* Dice_RollTests.swift */ = {isa = PBXFileReference; lastKnownFileType = sourcecode.swift; path = Dice_RollTests.swift; sourceTree = "<group>"; };
		222B8E731AF175E30091F73B /* Dice Roll WatchKit Extension.appex */ = {isa = PBXFileReference; explicitFileType = "wrapper.app-extension"; includeInIndex = 0; path = "Dice Roll WatchKit Extension.appex"; sourceTree = BUILT_PRODUCTS_DIR; };
		222B8E761AF175E30091F73B /* Info.plist */ = {isa = PBXFileReference; lastKnownFileType = text.plist.xml; path = Info.plist; sourceTree = "<group>"; };
		222B8E7B1AF175E30091F73B /* Images.xcassets */ = {isa = PBXFileReference; lastKnownFileType = folder.assetcatalog; path = Images.xcassets; sourceTree = "<group>"; };
		222B8E7F1AF175E30091F73B /* Dice Roll WatchKit App.app */ = {isa = PBXFileReference; explicitFileType = wrapper.application; includeInIndex = 0; path = "Dice Roll WatchKit App.app"; sourceTree = BUILT_PRODUCTS_DIR; };
		222B8E851AF175E30091F73B /* Info.plist */ = {isa = PBXFileReference; lastKnownFileType = text.plist.xml; path = Info.plist; sourceTree = "<group>"; };
		222B8E871AF175E30091F73B /* Base */ = {isa = PBXFileReference; lastKnownFileType = file.storyboard; name = Base; path = Base.lproj/Interface.storyboard; sourceTree = "<group>"; };
		222B8E891AF175E30091F73B /* Images.xcassets */ = {isa = PBXFileReference; lastKnownFileType = folder.assetcatalog; path = Images.xcassets; sourceTree = "<group>"; };
		222B8E951AF176180091F73B /* ViewController.swift */ = {isa = PBXFileReference; fileEncoding = 4; lastKnownFileType = sourcecode.swift; path = ViewController.swift; sourceTree = "<group>"; };
		222B8E961AF176180091F73B /* Main.storyboard */ = {isa = PBXFileReference; fileEncoding = 4; lastKnownFileType = file.storyboard; path = Main.storyboard; sourceTree = "<group>"; };
		222B8E991AF176300091F73B /* InterfaceController.swift */ = {isa = PBXFileReference; fileEncoding = 4; lastKnownFileType = sourcecode.swift; path = InterfaceController.swift; sourceTree = "<group>"; };
/* End PBXFileReference section */

/* Begin PBXFrameworksBuildPhase section */
		222B8E471AF175CD0091F73B /* Frameworks */ = {
			isa = PBXFrameworksBuildPhase;
			buildActionMask = 2147483647;
			files = (
			);
			runOnlyForDeploymentPostprocessing = 0;
		};
		222B8E5C1AF175CD0091F73B /* Frameworks */ = {
			isa = PBXFrameworksBuildPhase;
			buildActionMask = 2147483647;
			files = (
			);
			runOnlyForDeploymentPostprocessing = 0;
		};
		222B8E701AF175E30091F73B /* Frameworks */ = {
			isa = PBXFrameworksBuildPhase;
			buildActionMask = 2147483647;
			files = (
			);
			runOnlyForDeploymentPostprocessing = 0;
		};
/* End PBXFrameworksBuildPhase section */

/* Begin PBXGroup section */
		222B8E411AF175CD0091F73B = {
			isa = PBXGroup;
			children = (
				222B8E4C1AF175CD0091F73B /* Dice Roll */,
				222B8E621AF175CD0091F73B /* Dice RollTests */,
				222B8E741AF175E30091F73B /* Dice Roll WatchKit Extension */,
				222B8E831AF175E30091F73B /* Dice Roll WatchKit App */,
				222B8E4B1AF175CD0091F73B /* Products */,
			);
			sourceTree = "<group>";
		};
		222B8E4B1AF175CD0091F73B /* Products */ = {
			isa = PBXGroup;
			children = (
				222B8E4A1AF175CD0091F73B /* Dice Roll.app */,
				222B8E5F1AF175CD0091F73B /* Dice RollTests.xctest */,
				222B8E731AF175E30091F73B /* Dice Roll WatchKit Extension.appex */,
				222B8E7F1AF175E30091F73B /* Dice Roll WatchKit App.app */,
			);
			name = Products;
			sourceTree = "<group>";
		};
		222B8E4C1AF175CD0091F73B /* Dice Roll */ = {
			isa = PBXGroup;
			children = (
				222B8E4F1AF175CD0091F73B /* AppDelegate.swift */,
				222B8E951AF176180091F73B /* ViewController.swift */,
				222B8E961AF176180091F73B /* Main.storyboard */,
				222B8E561AF175CD0091F73B /* Images.xcassets */,
				222B8E581AF175CD0091F73B /* LaunchScreen.xib */,
				222B8E4D1AF175CD0091F73B /* Supporting Files */,
			);
			path = "Dice Roll";
			sourceTree = "<group>";
		};
		222B8E4D1AF175CD0091F73B /* Supporting Files */ = {
			isa = PBXGroup;
			children = (
				222B8E4E1AF175CD0091F73B /* Info.plist */,
			);
			name = "Supporting Files";
			sourceTree = "<group>";
		};
		222B8E621AF175CD0091F73B /* Dice RollTests */ = {
			isa = PBXGroup;
			children = (
				222B8E651AF175CD0091F73B /* Dice_RollTests.swift */,
				222B8E631AF175CD0091F73B /* Supporting Files */,
			);
			path = "Dice RollTests";
			sourceTree = "<group>";
		};
		222B8E631AF175CD0091F73B /* Supporting Files */ = {
			isa = PBXGroup;
			children = (
				222B8E641AF175CD0091F73B /* Info.plist */,
			);
			name = "Supporting Files";
			sourceTree = "<group>";
		};
		222B8E741AF175E30091F73B /* Dice Roll WatchKit Extension */ = {
			isa = PBXGroup;
			children = (
				222B8E991AF176300091F73B /* InterfaceController.swift */,
				222B8E7B1AF175E30091F73B /* Images.xcassets */,
				222B8E751AF175E30091F73B /* Supporting Files */,
			);
			path = "Dice Roll WatchKit Extension";
			sourceTree = "<group>";
		};
		222B8E751AF175E30091F73B /* Supporting Files */ = {
			isa = PBXGroup;
			children = (
				222B8E761AF175E30091F73B /* Info.plist */,
			);
			name = "Supporting Files";
			sourceTree = "<group>";
		};
		222B8E831AF175E30091F73B /* Dice Roll WatchKit App */ = {
			isa = PBXGroup;
			children = (
				222B8E861AF175E30091F73B /* Interface.storyboard */,
				222B8E891AF175E30091F73B /* Images.xcassets */,
				222B8E841AF175E30091F73B /* Supporting Files */,
			);
			path = "Dice Roll WatchKit App";
			sourceTree = "<group>";
		};
		222B8E841AF175E30091F73B /* Supporting Files */ = {
			isa = PBXGroup;
			children = (
				222B8E851AF175E30091F73B /* Info.plist */,
			);
			name = "Supporting Files";
			sourceTree = "<group>";
		};
/* End PBXGroup section */

/* Begin PBXNativeTarget section */
		222B8E491AF175CD0091F73B /* Dice Roll */ = {
			isa = PBXNativeTarget;
			buildConfigurationList = 222B8E691AF175CD0091F73B /* Build configuration list for PBXNativeTarget "Dice Roll" */;
			buildPhases = (
				222B8E461AF175CD0091F73B /* Sources */,
				222B8E471AF175CD0091F73B /* Frameworks */,
				222B8E481AF175CD0091F73B /* Resources */,
				222B8E941AF175E30091F73B /* Embed App Extensions */,
			);
			buildRules = (
			);
			dependencies = (
				222B8E8C1AF175E30091F73B /* PBXTargetDependency */,
			);
			name = "Dice Roll";
			productName = "Dice Roll";
			productReference = 222B8E4A1AF175CD0091F73B /* Dice Roll.app */;
			productType = "com.apple.product-type.application";
		};
		222B8E5E1AF175CD0091F73B /* Dice RollTests */ = {
			isa = PBXNativeTarget;
			buildConfigurationList = 222B8E6C1AF175CD0091F73B /* Build configuration list for PBXNativeTarget "Dice RollTests" */;
			buildPhases = (
				222B8E5B1AF175CD0091F73B /* Sources */,
				222B8E5C1AF175CD0091F73B /* Frameworks */,
				222B8E5D1AF175CD0091F73B /* Resources */,
			);
			buildRules = (
			);
			dependencies = (
				222B8E611AF175CD0091F73B /* PBXTargetDependency */,
			);
			name = "Dice RollTests";
			productName = "Dice RollTests";
			productReference = 222B8E5F1AF175CD0091F73B /* Dice RollTests.xctest */;
			productType = "com.apple.product-type.bundle.unit-test";
		};
		222B8E721AF175E30091F73B /* Dice Roll WatchKit Extension */ = {
			isa = PBXNativeTarget;
			buildConfigurationList = 222B8E911AF175E30091F73B /* Build configuration list for PBXNativeTarget "Dice Roll WatchKit Extension" */;
			buildPhases = (
				222B8E6F1AF175E30091F73B /* Sources */,
				222B8E701AF175E30091F73B /* Frameworks */,
				222B8E711AF175E30091F73B /* Resources */,
			);
			buildRules = (
			);
			dependencies = (
				222B8E821AF175E30091F73B /* PBXTargetDependency */,
			);
			name = "Dice Roll WatchKit Extension";
			productName = "Dice Roll WatchKit Extension";
			productReference = 222B8E731AF175E30091F73B /* Dice Roll WatchKit Extension.appex */;
			productType = "com.apple.product-type.watchkit-extension";
		};
		222B8E7E1AF175E30091F73B /* Dice Roll WatchKit App */ = {
			isa = PBXNativeTarget;
			buildConfigurationList = 222B8E8E1AF175E30091F73B /* Build configuration list for PBXNativeTarget "Dice Roll WatchKit App" */;
			buildPhases = (
				222B8E7D1AF175E30091F73B /* Resources */,
			);
			buildRules = (
			);
			dependencies = (
			);
			name = "Dice Roll WatchKit App";
			productName = "Dice Roll WatchKit App";
			productReference = 222B8E7F1AF175E30091F73B /* Dice Roll WatchKit App.app */;
			productType = "com.apple.product-type.application.watchapp";
		};
/* End PBXNativeTarget section */

/* Begin PBXProject section */
		222B8E421AF175CD0091F73B /* Project object */ = {
			isa = PBXProject;
			attributes = {
				LastUpgradeCheck = 0630;
				ORGANIZATIONNAME = "Randel Smith";
				TargetAttributes = {
					222B8E491AF175CD0091F73B = {
						CreatedOnToolsVersion = 6.3.1;
					};
					222B8E5E1AF175CD0091F73B = {
						CreatedOnToolsVersion = 6.3.1;
						TestTargetID = 222B8E491AF175CD0091F73B;
					};
					222B8E721AF175E30091F73B = {
						CreatedOnToolsVersion = 6.3.1;
					};
					222B8E7E1AF175E30091F73B = {
						CreatedOnToolsVersion = 6.3.1;
					};
				};
			};
			buildConfigurationList = 222B8E451AF175CD0091F73B /* Build configuration list for PBXProject "Dice Roll" */;
			compatibilityVersion = "Xcode 3.2";
			developmentRegion = English;
			hasScannedForEncodings = 0;
			knownRegions = (
				en,
				Base,
			);
			mainGroup = 222B8E411AF175CD0091F73B;
			productRefGroup = 222B8E4B1AF175CD0091F73B /* Products */;
			projectDirPath = "";
			projectRoot = "";
			targets = (
				222B8E491AF175CD0091F73B /* Dice Roll */,
				222B8E5E1AF175CD0091F73B /* Dice RollTests */,
				222B8E721AF175E30091F73B /* Dice Roll WatchKit Extension */,
				222B8E7E1AF175E30091F73B /* Dice Roll WatchKit App */,
			);
		};
/* End PBXProject section */

/* Begin PBXResourcesBuildPhase section */
		222B8E481AF175CD0091F73B /* Resources */ = {
			isa = PBXResourcesBuildPhase;
			buildActionMask = 2147483647;
			files = (
				222B8E981AF176180091F73B /* Main.storyboard in Resources */,
				222B8E5A1AF175CD0091F73B /* LaunchScreen.xib in Resources */,
				222B8E571AF175CD0091F73B /* Images.xcassets in Resources */,
			);
			runOnlyForDeploymentPostprocessing = 0;
		};
		222B8E5D1AF175CD0091F73B /* Resources */ = {
			isa = PBXResourcesBuildPhase;
			buildActionMask = 2147483647;
			files = (
			);
			runOnlyForDeploymentPostprocessing = 0;
		};
		222B8E711AF175E30091F73B /* Resources */ = {
			isa = PBXResourcesBuildPhase;
			buildActionMask = 2147483647;
			files = (
				222B8E7C1AF175E30091F73B /* Images.xcassets in Resources */,
				222B8E801AF175E30091F73B /* Dice Roll WatchKit App.app in Resources */,
			);
			runOnlyForDeploymentPostprocessing = 0;
		};
		222B8E7D1AF175E30091F73B /* Resources */ = {
			isa = PBXResourcesBuildPhase;
			buildActionMask = 2147483647;
			files = (
				222B8E881AF175E30091F73B /* Interface.storyboard in Resources */,
				222B8E8A1AF175E30091F73B /* Images.xcassets in Resources */,
			);
			runOnlyForDeploymentPostprocessing = 0;
		};
/* End PBXResourcesBuildPhase section */

/* Begin PBXSourcesBuildPhase section */
		222B8E461AF175CD0091F73B /* Sources */ = {
			isa = PBXSourcesBuildPhase;
			buildActionMask = 2147483647;
			files = (
				222B8E971AF176180091F73B /* ViewController.swift in Sources */,
				222B8E501AF175CD0091F73B /* AppDelegate.swift in Sources */,
			);
			runOnlyForDeploymentPostprocessing = 0;
		};
		222B8E5B1AF175CD0091F73B /* Sources */ = {
			isa = PBXSourcesBuildPhase;
			buildActionMask = 2147483647;
			files = (
				222B8E661AF175CD0091F73B /* Dice_RollTests.swift in Sources */,
			);
			runOnlyForDeploymentPostprocessing = 0;
		};
		222B8E6F1AF175E30091F73B /* Sources */ = {
			isa = PBXSourcesBuildPhase;
			buildActionMask = 2147483647;
			files = (
				222B8E9A1AF176300091F73B /* InterfaceController.swift in Sources */,
			);
			runOnlyForDeploymentPostprocessing = 0;
		};
/* End PBXSourcesBuildPhase section */

/* Begin PBXTargetDependency section */
		222B8E611AF175CD0091F73B /* PBXTargetDependency */ = {
			isa = PBXTargetDependency;
			target = 222B8E491AF175CD0091F73B /* Dice Roll */;
			targetProxy = 222B8E601AF175CD0091F73B /* PBXContainerItemProxy */;
		};
		222B8E821AF175E30091F73B /* PBXTargetDependency */ = {
			isa = PBXTargetDependency;
			target = 222B8E7E1AF175E30091F73B /* Dice Roll WatchKit App */;
			targetProxy = 222B8E811AF175E30091F73B /* PBXContainerItemProxy */;
		};
		222B8E8C1AF175E30091F73B /* PBXTargetDependency */ = {
			isa = PBXTargetDependency;
			target = 222B8E721AF175E30091F73B /* Dice Roll WatchKit Extension */;
			targetProxy = 222B8E8B1AF175E30091F73B /* PBXContainerItemProxy */;
		};
/* End PBXTargetDependency section */

/* Begin PBXVariantGroup section */
		222B8E581AF175CD0091F73B /* LaunchScreen.xib */ = {
			isa = PBXVariantGroup;
			children = (
				222B8E591AF175CD0091F73B /* Base */,
			);
			name = LaunchScreen.xib;
			sourceTree = "<group>";
		};
		222B8E861AF175E30091F73B /* Interface.storyboard */ = {
			isa = PBXVariantGroup;
			children = (
				222B8E871AF175E30091F73B /* Base */,
			);
			name = Interface.storyboard;
			sourceTree = "<group>";
		};
/* End PBXVariantGroup section */

/* Begin XCBuildConfiguration section */
		222B8E671AF175CD0091F73B /* Debug */ = {
			isa = XCBuildConfiguration;
			buildSettings = {
				ALWAYS_SEARCH_USER_PATHS = NO;
				CLANG_CXX_LANGUAGE_STANDARD = "gnu++0x";
				CLANG_CXX_LIBRARY = "libc++";
				CLANG_ENABLE_MODULES = YES;
				CLANG_ENABLE_OBJC_ARC = YES;
				CLANG_WARN_BOOL_CONVERSION = YES;
				CLANG_WARN_CONSTANT_CONVERSION = YES;
				CLANG_WARN_DIRECT_OBJC_ISA_USAGE = YES_ERROR;
				CLANG_WARN_EMPTY_BODY = YES;
				CLANG_WARN_ENUM_CONVERSION = YES;
				CLANG_WARN_INT_CONVERSION = YES;
				CLANG_WARN_OBJC_ROOT_CLASS = YES_ERROR;
				CLANG_WARN_UNREACHABLE_CODE = YES;
				CLANG_WARN__DUPLICATE_METHOD_MATCH = YES;
				"CODE_SIGN_IDENTITY[sdk=iphoneos*]" = "iPhone Developer";
				COPY_PHASE_STRIP = NO;
				DEBUG_INFORMATION_FORMAT = "dwarf-with-dsym";
				ENABLE_STRICT_OBJC_MSGSEND = YES;
				GCC_C_LANGUAGE_STANDARD = gnu99;
				GCC_DYNAMIC_NO_PIC = NO;
				GCC_NO_COMMON_BLOCKS = YES;
				GCC_OPTIMIZATION_LEVEL = 0;
				GCC_PREPROCESSOR_DEFINITIONS = (
					"DEBUG=1",
					"$(inherited)",
				);
				GCC_SYMBOLS_PRIVATE_EXTERN = NO;
				GCC_WARN_64_TO_32_BIT_CONVERSION = YES;
				GCC_WARN_ABOUT_RETURN_TYPE = YES_ERROR;
				GCC_WARN_UNDECLARED_SELECTOR = YES;
				GCC_WARN_UNINITIALIZED_AUTOS = YES_AGGRESSIVE;
				GCC_WARN_UNUSED_FUNCTION = YES;
				GCC_WARN_UNUSED_VARIABLE = YES;
				IPHONEOS_DEPLOYMENT_TARGET = 8.3;
				MTL_ENABLE_DEBUG_INFO = YES;
				ONLY_ACTIVE_ARCH = YES;
				SDKROOT = iphoneos;
				SWIFT_OPTIMIZATION_LEVEL = "-Onone";
				TARGETED_DEVICE_FAMILY = "1,2";
			};
			name = Debug;
		};
		222B8E681AF175CD0091F73B /* Release */ = {
			isa = XCBuildConfiguration;
			buildSettings = {
				ALWAYS_SEARCH_USER_PATHS = NO;
				CLANG_CXX_LANGUAGE_STANDARD = "gnu++0x";
				CLANG_CXX_LIBRARY = "libc++";
				CLANG_ENABLE_MODULES = YES;
				CLANG_ENABLE_OBJC_ARC = YES;
				CLANG_WARN_BOOL_CONVERSION = YES;
				CLANG_WARN_CONSTANT_CONVERSION = YES;
				CLANG_WARN_DIRECT_OBJC_ISA_USAGE = YES_ERROR;
				CLANG_WARN_EMPTY_BODY = YES;
				CLANG_WARN_ENUM_CONVERSION = YES;
				CLANG_WARN_INT_CONVERSION = YES;
				CLANG_WARN_OBJC_ROOT_CLASS = YES_ERROR;
				CLANG_WARN_UNREACHABLE_CODE = YES;
				CLANG_WARN__DUPLICATE_METHOD_MATCH = YES;
				"CODE_SIGN_IDENTITY[sdk=iphoneos*]" = "iPhone Developer";
				COPY_PHASE_STRIP = NO;
				DEBUG_INFORMATION_FORMAT = "dwarf-with-dsym";
				ENABLE_NS_ASSERTIONS = NO;
				ENABLE_STRICT_OBJC_MSGSEND = YES;
				GCC_C_LANGUAGE_STANDARD = gnu99;
				GCC_NO_COMMON_BLOCKS = YES;
				GCC_WARN_64_TO_32_BIT_CONVERSION = YES;
				GCC_WARN_ABOUT_RETURN_TYPE = YES_ERROR;
				GCC_WARN_UNDECLARED_SELECTOR = YES;
				GCC_WARN_UNINITIALIZED_AUTOS = YES_AGGRESSIVE;
				GCC_WARN_UNUSED_FUNCTION = YES;
				GCC_WARN_UNUSED_VARIABLE = YES;
				IPHONEOS_DEPLOYMENT_TARGET = 8.3;
				MTL_ENABLE_DEBUG_INFO = NO;
				SDKROOT = iphoneos;
				TARGETED_DEVICE_FAMILY = "1,2";
				VALIDATE_PRODUCT = YES;
			};
			name = Release;
		};
		222B8E6A1AF175CD0091F73B /* Debug */ = {
			isa = XCBuildConfiguration;
			buildSettings = {
				ASSETCATALOG_COMPILER_APPICON_NAME = AppIcon;
				ASSETCATALOG_COMPILER_LAUNCHIMAGE_NAME = LaunchImage;
				INFOPLIST_FILE = "Dice Roll/Info.plist";
				LD_RUNPATH_SEARCH_PATHS = "$(inherited) @executable_path/Frameworks";
				PRODUCT_NAME = "$(TARGET_NAME)";
			};
			name = Debug;
		};
		222B8E6B1AF175CD0091F73B /* Release */ = {
			isa = XCBuildConfiguration;
			buildSettings = {
				ASSETCATALOG_COMPILER_APPICON_NAME = AppIcon;
				ASSETCATALOG_COMPILER_LAUNCHIMAGE_NAME = LaunchImage;
				INFOPLIST_FILE = "Dice Roll/Info.plist";
				LD_RUNPATH_SEARCH_PATHS = "$(inherited) @executable_path/Frameworks";
				PRODUCT_NAME = "$(TARGET_NAME)";
			};
			name = Release;
		};
		222B8E6D1AF175CD0091F73B /* Debug */ = {
			isa = XCBuildConfiguration;
			buildSettings = {
				BUNDLE_LOADER = "$(TEST_HOST)";
				FRAMEWORK_SEARCH_PATHS = (
					"$(SDKROOT)/Developer/Library/Frameworks",
					"$(inherited)",
				);
				GCC_PREPROCESSOR_DEFINITIONS = (
					"DEBUG=1",
					"$(inherited)",
				);
				INFOPLIST_FILE = "Dice RollTests/Info.plist";
				LD_RUNPATH_SEARCH_PATHS = "$(inherited) @executable_path/Frameworks @loader_path/Frameworks";
				PRODUCT_NAME = "$(TARGET_NAME)";
				TEST_HOST = "$(BUILT_PRODUCTS_DIR)/Dice Roll.app/Dice Roll";
			};
			name = Debug;
		};
		222B8E6E1AF175CD0091F73B /* Release */ = {
			isa = XCBuildConfiguration;
			buildSettings = {
				BUNDLE_LOADER = "$(TEST_HOST)";
				FRAMEWORK_SEARCH_PATHS = (
					"$(SDKROOT)/Developer/Library/Frameworks",
					"$(inherited)",
				);
				INFOPLIST_FILE = "Dice RollTests/Info.plist";
				LD_RUNPATH_SEARCH_PATHS = "$(inherited) @executable_path/Frameworks @loader_path/Frameworks";
				PRODUCT_NAME = "$(TARGET_NAME)";
				TEST_HOST = "$(BUILT_PRODUCTS_DIR)/Dice Roll.app/Dice Roll";
			};
			name = Release;
		};
		222B8E8F1AF175E30091F73B /* Debug */ = {
			isa = XCBuildConfiguration;
			buildSettings = {
				ASSETCATALOG_COMPILER_APPICON_NAME = AppIcon;
				GCC_PREPROCESSOR_DEFINITIONS = (
					"DEBUG=1",
					"$(inherited)",
				);
				IBSC_MODULE = Dice_Roll_WatchKit_Extension;
				INFOPLIST_FILE = "Dice Roll WatchKit App/Info.plist";
				IPHONEOS_DEPLOYMENT_TARGET = 8.2;
				PRODUCT_NAME = "$(TARGET_NAME)";
				SKIP_INSTALL = YES;
				TARGETED_DEVICE_FAMILY = 4;
				"TARGETED_DEVICE_FAMILY[sdk=iphonesimulator*]" = "1,4";
			};
			name = Debug;
		};
		222B8E901AF175E30091F73B /* Release */ = {
			isa = XCBuildConfiguration;
			buildSettings = {
				ASSETCATALOG_COMPILER_APPICON_NAME = AppIcon;
				IBSC_MODULE = Dice_Roll_WatchKit_Extension;
				INFOPLIST_FILE = "Dice Roll WatchKit App/Info.plist";
				IPHONEOS_DEPLOYMENT_TARGET = 8.2;
				PRODUCT_NAME = "$(TARGET_NAME)";
				SKIP_INSTALL = YES;
				TARGETED_DEVICE_FAMILY = 4;
				"TARGETED_DEVICE_FAMILY[sdk=iphonesimulator*]" = "1,4";
			};
			name = Release;
		};
		222B8E921AF175E30091F73B /* Debug */ = {
			isa = XCBuildConfiguration;
			buildSettings = {
				GCC_PREPROCESSOR_DEFINITIONS = (
					"DEBUG=1",
					"$(inherited)",
				);
				INFOPLIST_FILE = "Dice Roll WatchKit Extension/Info.plist";
				LD_RUNPATH_SEARCH_PATHS = "$(inherited) @executable_path/Frameworks @executable_path/../../Frameworks";
				PRODUCT_NAME = "${TARGET_NAME}";
				SKIP_INSTALL = YES;
			};
			name = Debug;
		};
		222B8E931AF175E30091F73B /* Release */ = {
			isa = XCBuildConfiguration;
			buildSettings = {
				INFOPLIST_FILE = "Dice Roll WatchKit Extension/Info.plist";
				LD_RUNPATH_SEARCH_PATHS = "$(inherited) @executable_path/Frameworks @executable_path/../../Frameworks";
				PRODUCT_NAME = "${TARGET_NAME}";
				SKIP_INSTALL = YES;
			};
			name = Release;
		};
/* End XCBuildConfiguration section */

/* Begin XCConfigurationList section */
		222B8E451AF175CD0091F73B /* Build configuration list for PBXProject "Dice Roll" */ = {
			isa = XCConfigurationList;
			buildConfigurations = (
				222B8E671AF175CD0091F73B /* Debug */,
				222B8E681AF175CD0091F73B /* Release */,
			);
			defaultConfigurationIsVisible = 0;
			defaultConfigurationName = Release;
		};
		222B8E691AF175CD0091F73B /* Build configuration list for PBXNativeTarget "Dice Roll" */ = {
			isa = XCConfigurationList;
			buildConfigurations = (
				222B8E6A1AF175CD0091F73B /* Debug */,
				222B8E6B1AF175CD0091F73B /* Release */,
			);
			defaultConfigurationIsVisible = 0;
			defaultConfigurationName = Release;
		};
		222B8E6C1AF175CD0091F73B /* Build configuration list for PBXNativeTarget "Dice RollTests" */ = {
			isa = XCConfigurationList;
			buildConfigurations = (
				222B8E6D1AF175CD0091F73B /* Debug */,
				222B8E6E1AF175CD0091F73B /* Release */,
			);
			defaultConfigurationIsVisible = 0;
			defaultConfigurationName = Release;
		};
		222B8E8E1AF175E30091F73B /* Build configuration list for PBXNativeTarget "Dice Roll WatchKit App" */ = {
			isa = XCConfigurationList;
			buildConfigurations = (
				222B8E8F1AF175E30091F73B /* Debug */,
				222B8E901AF175E30091F73B /* Release */,
			);
			defaultConfigurationIsVisible = 0;
			defaultConfigurationName = Release;
		};
		222B8E911AF175E30091F73B /* Build configuration list for PBXNativeTarget "Dice Roll WatchKit Extension" */ = {
			isa = XCConfigurationList;
			buildConfigurations = (
				222B8E921AF175E30091F73B /* Debug */,
				222B8E931AF175E30091F73B /* Release */,
			);
			defaultConfigurationIsVisible = 0;
			defaultConfigurationName = Release;
		};
/* End XCConfigurationList section */
	};
	rootObject = 222B8E421AF175CD0091F73B /* Project object */;
}
